
Microsoft Visual Studio Solution File, Format Version 12.00
# Visual Studio Version 16
VisualStudioVersion = 16.0.31911.196
MinimumVisualStudioVersion = 10.0.40219.1
Project("{FAE04EC0-301F-11D3-BF4B-00C04F79EFBC}") = "TestBudgetProject", "TestBudgetProject\TestBudgetProject.csproj", "{B8F32A83-8080-48E8-86F3-956BDCD2120A}"
EndProject
Global
	GlobalSection(SolutionConfigurationPlatforms) = preSolution
		Debug|Any CPU = Debug|Any CPU
		Release|Any CPU = Release|Any CPU
	EndGlobalSection
	GlobalSection(ProjectConfigurationPlatforms) = postSolution
		{B8F32A83-8080-48E8-86F3-956BDCD2120A}.Debug|Any CPU.ActiveCfg = Debug|Any CPU
		{B8F32A83-8080-48E8-86F3-956BDCD2120A}.Debug|Any CPU.Build.0 = Debug|Any CPU
		{B8F32A83-8080-48E8-86F3-956BDCD2120A}.Release|Any CPU.ActiveCfg = Release|Any CPU
		{B8F32A83-8080-48E8-86F3-956BDCD2120A}.Release|Any CPU.Build.0 = Release|Any CPU
	EndGlobalSection
	GlobalSection(SolutionProperties) = preSolution
		HideSolutionNode = FALSE
	EndGlobalSection
	GlobalSection(ExtensibilityGlobals) = postSolution
		SolutionGuid = {F7D94395-C12F-40DA-9ABB-5708DA85DC3A}
	EndGlobalSection
EndGlobal
